
Microsoft Visual Studio Solution File, Format Version 12.00
# Visual Studio Version 17
VisualStudioVersion = 17.4.33213.308
MinimumVisualStudioVersion = 10.0.40219.1
Project("{9A19103F-16F7-4668-BE54-9A1E7A4F7556}") = "Nagarro.Hackathon.TrafficManagerFunction", "Nagarro.Hackathon.TrafficManagerFunction\Nagarro.Hackathon.TrafficManagerFunction.csproj", "{3D7F049A-7136-4A90-85EF-BBBAC58EFE92}"
EndProject
Global
	GlobalSection(SolutionConfigurationPlatforms) = preSolution
		Debug|Any CPU = Debug|Any CPU
		Release|Any CPU = Release|Any CPU
	EndGlobalSection
	GlobalSection(ProjectConfigurationPlatforms) = postSolution
		{3D7F049A-7136-4A90-85EF-BBBAC58EFE92}.Debug|Any CPU.ActiveCfg = Debug|Any CPU
		{3D7F049A-7136-4A90-85EF-BBBAC58EFE92}.Debug|Any CPU.Build.0 = Debug|Any CPU
		{3D7F049A-7136-4A90-85EF-BBBAC58EFE92}.Release|Any CPU.ActiveCfg = Release|Any CPU
		{3D7F049A-7136-4A90-85EF-BBBAC58EFE92}.Release|Any CPU.Build.0 = Release|Any CPU
	EndGlobalSection
	GlobalSection(SolutionProperties) = preSolution
		HideSolutionNode = FALSE
	EndGlobalSection
	GlobalSection(ExtensibilityGlobals) = postSolution
		SolutionGuid = {90E5681F-2CFA-4D95-B3E4-D189CCEBEAB4}
	EndGlobalSection
EndGlobal
